Microsoft Visual Studio Solution File, Format Version 12.00
# Visual Studio Version 17
VisualStudioVersion = 17.5.2.0
MinimumVisualStudioVersion = 10.0.40219.1
Project("{FAE04EC0-301F-11D3-BF4B-00C04F79EFBC}") = "api_streaming", "api_streaming\api_streaming.csproj", "{B2802D58-4FF3-B723-3D52-ABC1468DC93B}"
EndProject
Global
	GlobalSection(SolutionConfigurationPlatforms) = preSolution
		Debug|Any CPU = Debug|Any CPU
		Release|Any CPU = Release|Any CPU
	EndGlobalSection
	GlobalSection(ProjectConfigurationPlatforms) = postSolution
		{B2802D58-4FF3-B723-3D52-ABC1468DC93B}.Debug|Any CPU.ActiveCfg = Debug|Any CPU
		{B2802D58-4FF3-B723-3D52-ABC1468DC93B}.Debug|Any CPU.Build.0 = Debug|Any CPU
		{B2802D58-4FF3-B723-3D52-ABC1468DC93B}.Release|Any CPU.ActiveCfg = Release|Any CPU
		{B2802D58-4FF3-B723-3D52-ABC1468DC93B}.Release|Any CPU.Build.0 = Release|Any CPU
	EndGlobalSection
	GlobalSection(SolutionProperties) = preSolution
		HideSolutionNode = FALSE
	EndGlobalSection
	GlobalSection(ExtensibilityGlobals) = postSolution
		SolutionGuid = {78D49FA8-5446-41AE-886F-5365B09FF66E}
	EndGlobalSection
EndGlobal
